{
  "name": "zfun2",
  "version": "1.0.0",
  "lockfileVersion": 1,
  "requires": true,
  "dependencies": {
    "wz-function": {
      "version": "1.0.0",
      "resolved": "https://registry.npmjs.org/wz-function/-/wz-function-1.0.0.tgz",
      "integrity": "sha512-bMCxZe/0nlKq3Dhlqu23p9WiFcGjIIRvMeB2toy2tYBN5yTnrBZplcKXLlj9EXOD7cPTWggOiayqRtV60GBsAw=="
    }
  }
}
